
Microsoft Visual Studio Solution File, Format Version 12.00
# Visual Studio Version 16
VisualStudioVersion = 16.0.31005.135
MinimumVisualStudioVersion = 10.0.40219.1
Project("{8BC9CEB8-8B4A-11D0-8D11-00A0C91BC942}") = "Patterns", "Patterns\Patterns.vcxproj", "{DEFBC1A4-AC23-44B1-BC84-4A8363997C79}"
EndProject
Global
	GlobalSection(SolutionConfigurationPlatforms) = preSolution
		Debug|x64 = Debug|x64
		Debug|x86 = Debug|x86
		Release|x64 = Release|x64
		Release|x86 = Release|x86
	EndGlobalSection
	GlobalSection(ProjectConfigurationPlatforms) = postSolution
		{DEFBC1A4-AC23-44B1-BC84-4A8363997C79}.Debug|x64.ActiveCfg = Debug|x64
		{DEFBC1A4-AC23-44B1-BC84-4A8363997C79}.Debug|x64.Build.0 = Debug|x64
		{DEFBC1A4-AC23-44B1-BC84-4A8363997C79}.Debug|x86.ActiveCfg = Debug|Win32
		{DEFBC1A4-AC23-44B1-BC84-4A8363997C79}.Debug|x86.Build.0 = Debug|Win32
		{DEFBC1A4-AC23-44B1-BC84-4A8363997C79}.Release|x64.ActiveCfg = Release|x64
		{DEFBC1A4-AC23-44B1-BC84-4A8363997C79}.Release|x64.Build.0 = Release|x64
		{DEFBC1A4-AC23-44B1-BC84-4A8363997C79}.Release|x86.ActiveCfg = Release|Win32
		{DEFBC1A4-AC23-44B1-BC84-4A8363997C79}.Release|x86.Build.0 = Release|Win32
	EndGlobalSection
	GlobalSection(SolutionProperties) = preSolution
		HideSolutionNode = FALSE
	EndGlobalSection
	GlobalSection(ExtensibilityGlobals) = postSolution
		SolutionGuid = {512B8C0B-DDE5-42F5-8E85-8380C555141E}
	EndGlobalSection
EndGlobal
